
Microsoft Visual Studio Solution File, Format Version 12.00
# Visual Studio Version 17
VisualStudioVersion = 17.11.35222.181
MinimumVisualStudioVersion = 10.0.40219.1
Project("{FAE04EC0-301F-11D3-BF4B-00C04F79EFBC}") = "MesesArreglos", "MesesArreglos.csproj", "{B10173FF-B3B4-4F3D-AB08-DE2365519834}"
EndProject
Global
	GlobalSection(SolutionConfigurationPlatforms) = preSolution
		Debug|Any CPU = Debug|Any CPU
		Release|Any CPU = Release|Any CPU
	EndGlobalSection
	GlobalSection(ProjectConfigurationPlatforms) = postSolution
		{B10173FF-B3B4-4F3D-AB08-DE2365519834}.Debug|Any CPU.ActiveCfg = Debug|Any CPU
		{B10173FF-B3B4-4F3D-AB08-DE2365519834}.Debug|Any CPU.Build.0 = Debug|Any CPU
		{B10173FF-B3B4-4F3D-AB08-DE2365519834}.Release|Any CPU.ActiveCfg = Release|Any CPU
		{B10173FF-B3B4-4F3D-AB08-DE2365519834}.Release|Any CPU.Build.0 = Release|Any CPU
	EndGlobalSection
	GlobalSection(SolutionProperties) = preSolution
		HideSolutionNode = FALSE
	EndGlobalSection
	GlobalSection(ExtensibilityGlobals) = postSolution
		SolutionGuid = {74315D04-7338-4D86-82D0-3E5D50A0CC8F}
	EndGlobalSection
EndGlobal
